// !$*UTF8*$!
{
	archiveVersion = 1;
	classes = {
	};
	objectVersion = 46;
	objects = {

/* Begin PBXBuildFile section */
		8507431B1BE95DC1006E96A0 /* UnknownElementDetailsViewController.swift in Sources */ = {isa = PBXBuildFile; fileRef = 8507431A1BE95DC1006E96A0 /* UnknownElementDetailsViewController.swift */; };
		8507431D1BEA60FC006E96A0 /* ScheduledTransportDetailsViewController.swift in Sources */ = {isa = PBXBuildFile; fileRef = 8507431C1BEA60FC006E96A0 /* ScheduledTransportDetailsViewController.swift */; };
		850D400D224E440600D89687 /* GoogleService-Info.plist in Resources */ = {isa = PBXBuildFile; fileRef = 850D400C224E440600D89687 /* GoogleService-Info.plist */; };
		851173881BE371D8008FE3BE /* FlightDetailsViewController.swift in Sources */ = {isa = PBXBuildFile; fileRef = 851173871BE371D8008FE3BE /* FlightDetailsViewController.swift */; };
		8511738A1BE37245008FE3BE /* HotelDetailsViewController.swift in Sources */ = {isa = PBXBuildFile; fileRef = 851173891BE37245008FE3BE /* HotelDetailsViewController.swift */; };
		85179B4D1BDDB09F0097F571 /* UIView+mySHiT.swift in Sources */ = {isa = PBXBuildFile; fileRef = 85179B4C1BDDB09F0097F571 /* UIView+mySHiT.swift */; };
		8519D67C1E97B6410077FB52 /* UIChatMessage.swift in Sources */ = {isa = PBXBuildFile; fileRef = 8519D67B1E97B6410077FB52 /* UIChatMessage.swift */; };
		8519D67E1E9FBB810077FB52 /* ChatThread.swift in Sources */ = {isa = PBXBuildFile; fileRef = 8519D67D1E9FBB810077FB52 /* ChatThread.swift */; };
		8520FB3F2292BC9E002E7CF2 /* UITextView+mySHiT.swift in Sources */ = {isa = PBXBuildFile; fileRef = 8520FB3E2292BC9D002E7CF2 /* UITextView+mySHiT.swift */; };
		8520FB412293105C002E7CF2 /* Phone.swift in Sources */ = {isa = PBXBuildFile; fileRef = 8520FB402293105C002E7CF2 /* Phone.swift */; };
		85229DD01BFE041A000893E5 /* PrivateTransportDetailsViewController.swift in Sources */ = {isa = PBXBuildFile; fileRef = 85229DCF1BFE041A000893E5 /* PrivateTransportDetailsViewController.swift */; };
		853126D7242105AB00D99A6D /* ServerTimestamp.swift in Sources */ = {isa = PBXBuildFile; fileRef = 853126D6242105AB00D99A6D /* ServerTimestamp.swift */; };
		853ADF511C32996D0092832C /* UITableView+mySHiT.swift in Sources */ = {isa = PBXBuildFile; fileRef = 853ADF501C32996D0092832C /* UITableView+mySHiT.swift */; };
		85595BEA22CC0D2200A51E4E /* String+mySHiT.swift in Sources */ = {isa = PBXBuildFile; fileRef = 85595BE922CC0D2200A51E4E /* String+mySHiT.swift */; };
		855F33591BDEE853002CB89B /* AlertListViewController.swift in Sources */ = {isa = PBXBuildFile; fileRef = 855F33581BDEE853002CB89B /* AlertListViewController.swift */; };
		855F335B1BDF6C2F002CB89B /* TripList.swift in Sources */ = {isa = PBXBuildFile; fileRef = 855F335A1BDF6C2F002CB89B /* TripList.swift */; };
		8566AD681E8BD21C00855848 /* SHiTChatCell.swift in Sources */ = {isa = PBXBuildFile; fileRef = 8566AD671E8BD21C00855848 /* SHiTChatCell.swift */; };
		856B947622A025EB008A7E99 /* UITextField+mySHiT.swift in Sources */ = {isa = PBXBuildFile; fileRef = 856B947522A025EB008A7E99 /* UITextField+mySHiT.swift */; };
		856D66521BD66A3900C62D79 /* TripElement.swift in Sources */ = {isa = PBXBuildFile; fileRef = 856D66511BD66A3900C62D79 /* TripElement.swift */; };
		856D66541BD671A300C62D79 /* Flight.swift in Sources */ = {isa = PBXBuildFile; fileRef = 856D66531BD671A300C62D79 /* Flight.swift */; };
		856D66561BD673C100C62D79 /* GenericTransport.swift in Sources */ = {isa = PBXBuildFile; fileRef = 856D66551BD673C100C62D79 /* GenericTransport.swift */; };
		856D66581BD6845D00C62D79 /* ServerDate.swift in Sources */ = {isa = PBXBuildFile; fileRef = 856D66571BD6845D00C62D79 /* ServerDate.swift */; };
		856D665A1BD6F73100C62D79 /* Hotel.swift in Sources */ = {isa = PBXBuildFile; fileRef = 856D66591BD6F73100C62D79 /* Hotel.swift */; };
		856D665C1BD7025400C62D79 /* Trip.swift in Sources */ = {isa = PBXBuildFile; fileRef = 856D665B1BD7025400C62D79 /* Trip.swift */; };
		856D665E1BD7933E00C62D79 /* Tenses.swift in Sources */ = {isa = PBXBuildFile; fileRef = 856D665D1BD7933E00C62D79 /* Tenses.swift */; };
		856D66601BD7CE3C00C62D79 /* Development tips in Resources */ = {isa = PBXBuildFile; fileRef = 856D665F1BD7CE3C00C62D79 /* Development tips */; };
		856D66621BD824E300C62D79 /* SecurityWrapper.swift in Sources */ = {isa = PBXBuildFile; fileRef = 856D66611BD824E300C62D79 /* SecurityWrapper.swift */; };
		8576E7C122B673CA0005B9CB /* Array+mySHiT.swift in Sources */ = {isa = PBXBuildFile; fileRef = 8576E7C022B673CA0005B9CB /* Array+mySHiT.swift */; };
		8576E7C322B67CD50005B9CB /* ModelError.swift in Sources */ = {isa = PBXBuildFile; fileRef = 8576E7C222B67CD50005B9CB /* ModelError.swift */; };
		85916FA11E8595C000FF9B19 /* ChatViewController.swift in Sources */ = {isa = PBXBuildFile; fileRef = 85916FA01E8595C000FF9B19 /* ChatViewController.swift */; };
		859D44171BD4EC7E0068E5B3 /* User.swift in Sources */ = {isa = PBXBuildFile; fileRef = 859D44161BD4EC7E0068E5B3 /* User.swift */; };
		859F903B1E3620EF0006AEC4 /* Event.swift in Sources */ = {isa = PBXBuildFile; fileRef = 859F903A1E3620EF0006AEC4 /* Event.swift */; };
		859F903D1E3699450006AEC4 /* EventDetailsViewController.swift in Sources */ = {isa = PBXBuildFile; fileRef = 859F903C1E3699450006AEC4 /* EventDetailsViewController.swift */; };
		85ABD35C1BD58EA100B26F07 /* TripDetailsViewController.swift in Sources */ = {isa = PBXBuildFile; fileRef = 85ABD35B1BD58EA100B26F07 /* TripDetailsViewController.swift */; };
		85ABD35E1BD5987500B26F07 /* AnnotatedTripElement.swift in Sources */ = {isa = PBXBuildFile; fileRef = 85ABD35D1BD5987500B26F07 /* AnnotatedTripElement.swift */; };
		85ABD3601BD59A5E00B26F07 /* TripElementListSection.swift in Sources */ = {isa = PBXBuildFile; fileRef = 85ABD35F1BD59A5E00B26F07 /* TripElementListSection.swift */; };
		85BF602F1E6453EA00E5D785 /* NotificationInfo.swift in Sources */ = {isa = PBXBuildFile; fileRef = 85BF602E1E6453E900E5D785 /* NotificationInfo.swift */; };
		85BF60311E66FCA500E5D785 /* ScheduledTransport.swift in Sources */ = {isa = PBXBuildFile; fileRef = 85BF60301E66FCA500E5D785 /* ScheduledTransport.swift */; };
		85C52A181BD3004F00F625B5 /* AnnotatedTrip.swift in Sources */ = {isa = PBXBuildFile; fileRef = 85C52A171BD3004F00F625B5 /* AnnotatedTrip.swift */; };
		85C52A1A1BD419E300F625B5 /* TripListSection.swift in Sources */ = {isa = PBXBuildFile; fileRef = 85C52A191BD419E300F625B5 /* TripListSection.swift */; };
		85C52A1D1BD446C100F625B5 /* NSDate+mySHiT.swift in Sources */ = {isa = PBXBuildFile; fileRef = 85C52A1C1BD446C100F625B5 /* NSDate+mySHiT.swift */; };
		85C52A201BD44E1A00F625B5 /* UpcomingTrips.swift in Sources */ = {isa = PBXBuildFile; fileRef = 85C52A1F1BD44E1A00F625B5 /* UpcomingTrips.swift */; };
		85C52A211BD4681D00F625B5 /* Localizable.strings in Resources */ = {isa = PBXBuildFile; fileRef = 85C52A231BD4681D00F625B5 /* Localizable.strings */; };
		85CAD2E21EBFCB280061607C /* Chat-NewMessage.wav in Resources */ = {isa = PBXBuildFile; fileRef = 85CAD2E11EBFCB280061607C /* Chat-NewMessage.wav */; };
		85D73AEE1C29398E00998461 /* ChangeState.swift in Sources */ = {isa = PBXBuildFile; fileRef = 85D73AED1C29398E00998461 /* ChangeState.swift */; };
		85DBE0E222E48B7E002382EB /* NSMutableAttributedString+mySHiT.swift in Sources */ = {isa = PBXBuildFile; fileRef = 85DBE0E122E48B7E002382EB /* NSMutableAttributedString+mySHiT.swift */; };
		85DBE0E422E61293002382EB /* Address.swift in Sources */ = {isa = PBXBuildFile; fileRef = 85DBE0E322E61293002382EB /* Address.swift */; };
		85EA06F6200CDFC800C61D48 /* DeepLinkManager.swift in Sources */ = {isa = PBXBuildFile; fileRef = 85EA06F5200CDFC800C61D48 /* DeepLinkManager.swift */; };
		85EA06F8200E290200C61D48 /* DeepLink.swift in Sources */ = {isa = PBXBuildFile; fileRef = 85EA06F7200E290200C61D48 /* DeepLink.swift */; };
		85EA06FA200E2CCA00C61D48 /* NotificationLink.swift in Sources */ = {isa = PBXBuildFile; fileRef = 85EA06F9200E2CCA00C61D48 /* NotificationLink.swift */; };
		85EA06FC2019307D00C61D48 /* AlertLink.swift in Sources */ = {isa = PBXBuildFile; fileRef = 85EA06FB2019307D00C61D48 /* AlertLink.swift */; };
		85EA06FE20193D3F00C61D48 /* UIViewController+mySHiT.swift in Sources */ = {isa = PBXBuildFile; fileRef = 85EA06FD20193D3F00C61D48 /* UIViewController+mySHiT.swift */; };
		85EBF78722A4590A00D4389B /* DeepLinkableViewController.swift in Sources */ = {isa = PBXBuildFile; fileRef = 85EBF78622A4590A00D4389B /* DeepLinkableViewController.swift */; };
		85EBF78922A7CE5900D4389B /* UserInfoDictionary.swift in Sources */ = {isa = PBXBuildFile; fileRef = 85EBF78822A7CE5900D4389B /* UserInfoDictionary.swift */; };
		85EF19E622B99FE7002FA60B /* OSLog+mySHiT.swift in Sources */ = {isa = PBXBuildFile; fileRef = 85EF19E522B99FE7002FA60B /* OSLog+mySHiT.swift */; };
		85F490EE1E892BD4004D9A5D /* ChatTableController.swift in Sources */ = {isa = PBXBuildFile; fileRef = 85F490ED1E892BD4004D9A5D /* ChatTableController.swift */; };
		85F6A5241BEECA2C00141938 /* GUI.storyboard in Resources */ = {isa = PBXBuildFile; fileRef = 85F6A5231BEECA2C00141938 /* GUI.storyboard */; };
		85F7696E1E8540B80085151F /* ChatMessage.swift in Sources */ = {isa = PBXBuildFile; fileRef = 85F7696D1E8540B80085151F /* ChatMessage.swift */; };
		85FE1CCA1C31C4C100BA19FA /* UIImage+mySHiT.swift in Sources */ = {isa = PBXBuildFile; fileRef = 85FE1CC91C31C4C100BA19FA /* UIImage+mySHiT.swift */; };
		85FEFC3F1BC7FCF800D8E38E /* AppDelegate.swift in Sources */ = {isa = PBXBuildFile; fileRef = 85FEFC3E1BC7FCF800D8E38E /* AppDelegate.swift */; };
		85FEFC411BC7FCF800D8E38E /* TripListViewController.swift in Sources */ = {isa = PBXBuildFile; fileRef = 85FEFC401BC7FCF800D8E38E /* TripListViewController.swift */; };
		85FEFC441BC7FCF800D8E38E /* Main.storyboard in Resources */ = {isa = PBXBuildFile; fileRef = 85FEFC421BC7FCF800D8E38E /* Main.storyboard */; settings = {ASSET_TAGS = (2, ); }; };
		85FEFC461BC7FCF800D8E38E /* Assets.xcassets in Resources */ = {isa = PBXBuildFile; fileRef = 85FEFC451BC7FCF800D8E38E /* Assets.xcassets */; };
		85FEFC491BC7FCF800D8E38E /* LaunchScreen.storyboard in Resources */ = {isa = PBXBuildFile; fileRef = 85FEFC471BC7FCF800D8E38E /* LaunchScreen.storyboard */; };
		85FEFC541BC7FCF900D8E38E /* mySHiTTests.swift in Sources */ = {isa = PBXBuildFile; fileRef = 85FEFC531BC7FCF900D8E38E /* mySHiTTests.swift */; };
		85FEFC5F1BC7FCF900D8E38E /* mySHiTUITests.swift in Sources */ = {isa = PBXBuildFile; fileRef = 85FEFC5E1BC7FCF900D8E38E /* mySHiTUITests.swift */; };
		85FEFC6D1BC818FA00D8E38E /* LogonViewController.swift in Sources */ = {isa = PBXBuildFile; fileRef = 85FEFC6C1BC818FA00D8E38E /* LogonViewController.swift */; };
		85FEFC7B1BCA7F4000D8E38E /* RSTransaction.swift in Sources */ = {isa = PBXBuildFile; fileRef = 85FEFC751BCA7F4000D8E38E /* RSTransaction.swift */; };
		85FEFC7C1BCA7F4000D8E38E /* RSTransactionRequest.swift in Sources */ = {isa = PBXBuildFile; fileRef = 85FEFC761BCA7F4000D8E38E /* RSTransactionRequest.swift */; };
		85FEFC7D1BCA7F4000D8E38E /* RSURLRequest.swift in Sources */ = {isa = PBXBuildFile; fileRef = 85FEFC771BCA7F4000D8E38E /* RSURLRequest.swift */; };
		85FEFC7E1BCA7F4000D8E38E /* RSUtilities.swift in Sources */ = {isa = PBXBuildFile; fileRef = 85FEFC781BCA7F4000D8E38E /* RSUtilities.swift */; };
		85FEFC7F1BCA7F4000D8E38E /* UIButton+RSNetworking.swift in Sources */ = {isa = PBXBuildFile; fileRef = 85FEFC791BCA7F4000D8E38E /* UIButton+RSNetworking.swift */; };
		85FEFC801BCA7F4000D8E38E /* UIImageView+RSNetworking.swift in Sources */ = {isa = PBXBuildFile; fileRef = 85FEFC7A1BCA7F4000D8E38E /* UIImageView+RSNetworking.swift */; };
		85FEFC841BCBFA6B00D8E38E /* Settings.bundle in Resources */ = {isa = PBXBuildFile; fileRef = 85FEFC831BCBFA6B00D8E38E /* Settings.bundle */; };
		85FFD37B1C5000840083C72B /* Constant.swift in Sources */ = {isa = PBXBuildFile; fileRef = 85FFD37A1C5000840083C72B /* Constant.swift */; };
		D26BB67AF010DFD2262B6976 /* Pods_mySHiTUITests.framework in Frameworks */ = {isa = PBXBuildFile; fileRef = 1BF50E66EEEC1A208D1F4FF3 /* Pods_mySHiTUITests.framework */; };
		D397A5299C49754CC6708069 /* Pods_mySHiTTests.framework in Frameworks */ = {isa = PBXBuildFile; fileRef = 3179E87F8F227AD723C8CE7E /* Pods_mySHiTTests.framework */; };
		F327C96314D59E64F1D6A2F1 /* Pods_mySHiT.framework in Frameworks */ = {isa = PBXBuildFile; fileRef = 549C82070E2D469FB335926A /* Pods_mySHiT.framework */; };
/* End PBXBuildFile section */

/* Begin PBXContainerItemProxy section */
		85FEFC501BC7FCF900D8E38E /* PBXContainerItemProxy */ = {
			isa = PBXContainerItemProxy;
			containerPortal = 85FEFC331BC7FCF800D8E38E /* Project object */;
			proxyType = 1;
			remoteGlobalIDString = 85FEFC3A1BC7FCF800D8E38E;
			remoteInfo = mySHiT;
		};
		85FEFC5B1BC7FCF900D8E38E /* PBXContainerItemProxy */ = {
			isa = PBXContainerItemProxy;
			containerPortal = 85FEFC331BC7FCF800D8E38E /* Project object */;
			proxyType = 1;
			remoteGlobalIDString = 85FEFC3A1BC7FCF800D8E38E;
			remoteInfo = mySHiT;
		};
/* End PBXContainerItemProxy section */

/* Begin PBXCopyFilesBuildPhase section */
		85F02B331EBA09ED00E0C305 /* Embed Frameworks */ = {
			isa = PBXCopyFilesBuildPhase;
			buildActionMask = 2147483647;
			dstPath = "";
			dstSubfolderSpec = 10;
			files = (
			);
			name = "Embed Frameworks";
			runOnlyForDeploymentPostprocessing = 0;
		};
/* End PBXCopyFilesBuildPhase section */

/* Begin PBXFileReference section */
		1BF50E66EEEC1A208D1F4FF3 /* Pods_mySHiTUITests.framework */ = {isa = PBXFileReference; explicitFileType = wrapper.framework; includeInIndex = 0; path = Pods_mySHiTUITests.framework; sourceTree = BUILT_PRODUCTS_DIR; };
		3179E87F8F227AD723C8CE7E /* Pods_mySHiTTests.framework */ = {isa = PBXFileReference; explicitFileType = wrapper.framework; includeInIndex = 0; path = Pods_mySHiTTests.framework; sourceTree = BUILT_PRODUCTS_DIR; };
		549C82070E2D469FB335926A /* Pods_mySHiT.framework */ = {isa = PBXFileReference; explicitFileType = wrapper.framework; includeInIndex = 0; path = Pods_mySHiT.framework; sourceTree = BUILT_PRODUCTS_DIR; };
		635CB9024F4A69D050CF9411 /* Pods-mySHiTUITests.debug.xcconfig */ = {isa = PBXFileReference; includeInIndex = 1; lastKnownFileType = text.xcconfig; name = "Pods-mySHiTUITests.debug.xcconfig"; path = "Pods/Target Support Files/Pods-mySHiTUITests/Pods-mySHiTUITests.debug.xcconfig"; sourceTree = "<group>"; };
		74D433F1BFB2E6D26903622B /* Pods-mySHiT.debug.xcconfig */ = {isa = PBXFileReference; includeInIndex = 1; lastKnownFileType = text.xcconfig; name = "Pods-mySHiT.debug.xcconfig"; path = "Pods/Target Support Files/Pods-mySHiT/Pods-mySHiT.debug.xcconfig"; sourceTree = "<group>"; };
		8507431A1BE95DC1006E96A0 /* UnknownElementDetailsViewController.swift */ = {isa = PBXFileReference; fileEncoding = 4; lastKnownFileType = sourcecode.swift; path = UnknownElementDetailsViewController.swift; sourceTree = "<group>"; };
		8507431C1BEA60FC006E96A0 /* ScheduledTransportDetailsViewController.swift */ = {isa = PBXFileReference; fileEncoding = 4; lastKnownFileType = sourcecode.swift; path = ScheduledTransportDetailsViewController.swift; sourceTree = "<group>"; };
		850D400C224E440600D89687 /* GoogleService-Info.plist */ = {isa = PBXFileReference; fileEncoding = 4; lastKnownFileType = text.plist.xml; path = "GoogleService-Info.plist"; sourceTree = "<group>"; };
		851173871BE371D8008FE3BE /* FlightDetailsViewController.swift */ = {isa = PBXFileReference; fileEncoding = 4; lastKnownFileType = sourcecode.swift; path = FlightDetailsViewController.swift; sourceTree = "<group>"; };
		851173891BE37245008FE3BE /* HotelDetailsViewController.swift */ = {isa = PBXFileReference; fileEncoding = 4; lastKnownFileType = sourcecode.swift; path = HotelDetailsViewController.swift; sourceTree = "<group>"; };
		85179B4B1BDD9F670097F571 /* nb */ = {isa = PBXFileReference; lastKnownFileType = text.plist.strings; name = nb; path = nb.lproj/Main.strings; sourceTree = "<group>"; };
		85179B4C1BDDB09F0097F571 /* UIView+mySHiT.swift */ = {isa = PBXFileReference; fileEncoding = 4; lastKnownFileType = sourcecode.swift; path = "UIView+mySHiT.swift"; sourceTree = "<group>"; };
		8519D67B1E97B6410077FB52 /* UIChatMessage.swift */ = {isa = PBXFileReference; fileEncoding = 4; lastKnownFileType = sourcecode.swift; path = UIChatMessage.swift; sourceTree = "<group>"; };
		8519D67D1E9FBB810077FB52 /* ChatThread.swift */ = {isa = PBXFileReference; fileEncoding = 4; lastKnownFileType = sourcecode.swift; path = ChatThread.swift; sourceTree = "<group>"; };
		8520FB3E2292BC9D002E7CF2 /* UITextView+mySHiT.swift */ = {isa = PBXFileReference; lastKnownFileType = sourcecode.swift; path = "UITextView+mySHiT.swift"; sourceTree = "<group>"; };
		8520FB402293105C002E7CF2 /* Phone.swift */ = {isa = PBXFileReference; lastKnownFileType = sourcecode.swift; path = Phone.swift; sourceTree = "<group>"; };
		85229DCF1BFE041A000893E5 /* PrivateTransportDetailsViewController.swift */ = {isa = PBXFileReference; fileEncoding = 4; lastKnownFileType = sourcecode.swift; path = PrivateTransportDetailsViewController.swift; sourceTree = "<group>"; };
		852ED3821E1FD7CA005F5146 /* mySHiT.entitlements */ = {isa = PBXFileReference; lastKnownFileType = text.plist.entitlements; path = mySHiT.entitlements; sourceTree = "<group>"; };
		853126D6242105AB00D99A6D /* ServerTimestamp.swift */ = {isa = PBXFileReference; lastKnownFileType = sourcecode.swift; path = ServerTimestamp.swift; sourceTree = "<group>"; };
		853ADF501C32996D0092832C /* UITableView+mySHiT.swift */ = {isa = PBXFileReference; fileEncoding = 4; lastKnownFileType = sourcecode.swift; path = "UITableView+mySHiT.swift"; sourceTree = "<group>"; };
		85595BE922CC0D2200A51E4E /* String+mySHiT.swift */ = {isa = PBXFileReference; lastKnownFileType = sourcecode.swift; path = "String+mySHiT.swift"; sourceTree = "<group>"; };
		855F33581BDEE853002CB89B /* AlertListViewController.swift */ = {isa = PBXFileReference; fileEncoding = 4; lastKnownFileType = sourcecode.swift; path = AlertListViewController.swift; sourceTree = "<group>"; };
		855F335A1BDF6C2F002CB89B /* TripList.swift */ = {isa = PBXFileReference; fileEncoding = 4; lastKnownFileType = sourcecode.swift; path = TripList.swift; sourceTree = "<group>"; };
		8566AD671E8BD21C00855848 /* SHiTChatCell.swift */ = {isa = PBXFileReference; fileEncoding = 4; lastKnownFileType = sourcecode.swift; path = SHiTChatCell.swift; sourceTree = "<group>"; };
		856B947522A025EB008A7E99 /* UITextField+mySHiT.swift */ = {isa = PBXFileReference; lastKnownFileType = sourcecode.swift; path = "UITextField+mySHiT.swift"; sourceTree = "<group>"; };
		856D66511BD66A3900C62D79 /* TripElement.swift */ = {isa = PBXFileReference; fileEncoding = 4; lastKnownFileType = sourcecode.swift; path = TripElement.swift; sourceTree = "<group>"; };
		856D66531BD671A300C62D79 /* Flight.swift */ = {isa = PBXFileReference; fileEncoding = 4; lastKnownFileType = sourcecode.swift; path = Flight.swift; sourceTree = "<group>"; };
		856D66551BD673C100C62D79 /* GenericTransport.swift */ = {isa = PBXFileReference; fileEncoding = 4; lastKnownFileType = sourcecode.swift; path = GenericTransport.swift; sourceTree = "<group>"; };
		856D66571BD6845D00C62D79 /* ServerDate.swift */ = {isa = PBXFileReference; fileEncoding = 4; lastKnownFileType = sourcecode.swift; path = ServerDate.swift; sourceTree = "<group>"; };
		856D66591BD6F73100C62D79 /* Hotel.swift */ = {isa = PBXFileReference; fileEncoding = 4; lastKnownFileType = sourcecode.swift; path = Hotel.swift; sourceTree = "<group>"; };
		856D665B1BD7025400C62D79 /* Trip.swift */ = {isa = PBXFileReference; fileEncoding = 4; lastKnownFileType = sourcecode.swift; path = Trip.swift; sourceTree = "<group>"; };
		856D665D1BD7933E00C62D79 /* Tenses.swift */ = {isa = PBXFileReference; fileEncoding = 4; lastKnownFileType = sourcecode.swift; path = Tenses.swift; sourceTree = "<group>"; };
		856D665F1BD7CE3C00C62D79 /* Development tips */ = {isa = PBXFileReference; fileEncoding = 4; lastKnownFileType = text; path = "Development tips"; sourceTree = "<group>"; };
		856D66611BD824E300C62D79 /* SecurityWrapper.swift */ = {isa = PBXFileReference; fileEncoding = 4; lastKnownFileType = sourcecode.swift; path = SecurityWrapper.swift; sourceTree = "<group>"; };
		8576E7C022B673CA0005B9CB /* Array+mySHiT.swift */ = {isa = PBXFileReference; lastKnownFileType = sourcecode.swift; path = "Array+mySHiT.swift"; sourceTree = "<group>"; };
		8576E7C222B67CD50005B9CB /* ModelError.swift */ = {isa = PBXFileReference; lastKnownFileType = sourcecode.swift; path = ModelError.swift; sourceTree = "<group>"; };
		85916FA01E8595C000FF9B19 /* ChatViewController.swift */ = {isa = PBXFileReference; fileEncoding = 4; lastKnownFileType = sourcecode.swift; path = ChatViewController.swift; sourceTree = "<group>"; };
		859D44161BD4EC7E0068E5B3 /* User.swift */ = {isa = PBXFileReference; fileEncoding = 4; lastKnownFileType = sourcecode.swift; path = User.swift; sourceTree = "<group>"; };
		859F903A1E3620EF0006AEC4 /* Event.swift */ = {isa = PBXFileReference; fileEncoding = 4; lastKnownFileType = sourcecode.swift; path = Event.swift; sourceTree = "<group>"; };
		859F903C1E3699450006AEC4 /* EventDetailsViewController.swift */ = {isa = PBXFileReference; fileEncoding = 4; lastKnownFileType = sourcecode.swift; path = EventDetailsViewController.swift; sourceTree = "<group>"; };
		85ABD35B1BD58EA100B26F07 /* TripDetailsViewController.swift */ = {isa = PBXFileReference; fileEncoding = 4; lastKnownFileType = sourcecode.swift; path = TripDetailsViewController.swift; sourceTree = "<group>"; };
		85ABD35D1BD5987500B26F07 /* AnnotatedTripElement.swift */ = {isa = PBXFileReference; fileEncoding = 4; lastKnownFileType = sourcecode.swift; path = AnnotatedTripElement.swift; sourceTree = "<group>"; };
		85ABD35F1BD59A5E00B26F07 /* TripElementListSection.swift */ = {isa = PBXFileReference; fileEncoding = 4; lastKnownFileType = sourcecode.swift; path = TripElementListSection.swift; sourceTree = "<group>"; };
		85BF602E1E6453E900E5D785 /* NotificationInfo.swift */ = {isa = PBXFileReference; fileEncoding = 4; lastKnownFileType = sourcecode.swift; path = NotificationInfo.swift; sourceTree = "<group>"; };
		85BF60301E66FCA500E5D785 /* ScheduledTransport.swift */ = {isa = PBXFileReference; fileEncoding = 4; lastKnownFileType = sourcecode.swift; path = ScheduledTransport.swift; sourceTree = "<group>"; };
		85C52A131BD2DC0800F625B5 /* nb */ = {isa = PBXFileReference; lastKnownFileType = text.plist.strings; name = nb; path = nb.lproj/LaunchScreen.strings; sourceTree = "<group>"; };
		85C52A141BD2DC1000F625B5 /* sv */ = {isa = PBXFileReference; lastKnownFileType = text.plist.strings; name = sv; path = sv.lproj/Main.strings; sourceTree = "<group>"; };
		85C52A151BD2DC1000F625B5 /* sv */ = {isa = PBXFileReference; lastKnownFileType = text.plist.strings; name = sv; path = sv.lproj/LaunchScreen.strings; sourceTree = "<group>"; };
		85C52A171BD3004F00F625B5 /* AnnotatedTrip.swift */ = {isa = PBXFileReference; fileEncoding = 4; lastKnownFileType = sourcecode.swift; path = AnnotatedTrip.swift; sourceTree = "<group>"; };
		85C52A191BD419E300F625B5 /* TripListSection.swift */ = {isa = PBXFileReference; fileEncoding = 4; lastKnownFileType = sourcecode.swift; path = TripListSection.swift; sourceTree = "<group>"; };
		85C52A1C1BD446C100F625B5 /* NSDate+mySHiT.swift */ = {isa = PBXFileReference; fileEncoding = 4; lastKnownFileType = sourcecode.swift; path = "NSDate+mySHiT.swift"; sourceTree = "<group>"; };
		85C52A1F1BD44E1A00F625B5 /* UpcomingTrips.swift */ = {isa = PBXFileReference; fileEncoding = 4; lastKnownFileType = sourcecode.swift; path = UpcomingTrips.swift; sourceTree = "<group>"; };
		85C52A221BD4681D00F625B5 /* Base */ = {isa = PBXFileReference; lastKnownFileType = text.plist.strings; name = Base; path = Base.lproj/Localizable.strings; sourceTree = "<group>"; };
		85C52A251BD4682200F625B5 /* nb */ = {isa = PBXFileReference; lastKnownFileType = text.plist.strings; name = nb; path = nb.lproj/Localizable.strings; sourceTree = "<group>"; };
		85C52A261BD4682300F625B5 /* sv */ = {isa = PBXFileReference; lastKnownFileType = text.plist.strings; name = sv; path = sv.lproj/Localizable.strings; sourceTree = "<group>"; };
		85CAD2E11EBFCB280061607C /* Chat-NewMessage.wav */ = {isa = PBXFileReference; lastKnownFileType = audio.wav; path = "Chat-NewMessage.wav"; sourceTree = "<group>"; };
		85D73AED1C29398E00998461 /* ChangeState.swift */ = {isa = PBXFileReference; fileEncoding = 4; lastKnownFileType = sourcecode.swift; path = ChangeState.swift; sourceTree = "<group>"; };
		85DBE0E122E48B7E002382EB /* NSMutableAttributedString+mySHiT.swift */ = {isa = PBXFileReference; lastKnownFileType = sourcecode.swift; path = "NSMutableAttributedString+mySHiT.swift"; sourceTree = "<group>"; };
		85DBE0E322E61293002382EB /* Address.swift */ = {isa = PBXFileReference; lastKnownFileType = sourcecode.swift; path = Address.swift; sourceTree = "<group>"; };
		85EA06F5200CDFC800C61D48 /* DeepLinkManager.swift */ = {isa = PBXFileReference; fileEncoding = 4; lastKnownFileType = sourcecode.swift; path = DeepLinkManager.swift; sourceTree = "<group>"; };
		85EA06F7200E290200C61D48 /* DeepLink.swift */ = {isa = PBXFileReference; fileEncoding = 4; lastKnownFileType = sourcecode.swift; path = DeepLink.swift; sourceTree = "<group>"; };
		85EA06F9200E2CCA00C61D48 /* NotificationLink.swift */ = {isa = PBXFileReference; fileEncoding = 4; lastKnownFileType = sourcecode.swift; path = NotificationLink.swift; sourceTree = "<group>"; };
		85EA06FB2019307D00C61D48 /* AlertLink.swift */ = {isa = PBXFileReference; fileEncoding = 4; lastKnownFileType = sourcecode.swift; path = AlertLink.swift; sourceTree = "<group>"; };
		85EA06FD20193D3F00C61D48 /* UIViewController+mySHiT.swift */ = {isa = PBXFileReference; fileEncoding = 4; lastKnownFileType = sourcecode.swift; path = "UIViewController+mySHiT.swift"; sourceTree = "<group>"; };
		85EBF78622A4590A00D4389B /* DeepLinkableViewController.swift */ = {isa = PBXFileReference; lastKnownFileType = sourcecode.swift; path = DeepLinkableViewController.swift; sourceTree = "<group>"; };
		85EBF78822A7CE5900D4389B /* UserInfoDictionary.swift */ = {isa = PBXFileReference; lastKnownFileType = sourcecode.swift; path = UserInfoDictionary.swift; sourceTree = "<group>"; };
		85EF19E522B99FE7002FA60B /* OSLog+mySHiT.swift */ = {isa = PBXFileReference; lastKnownFileType = sourcecode.swift; path = "OSLog+mySHiT.swift"; sourceTree = "<group>"; };
		85F490ED1E892BD4004D9A5D /* ChatTableController.swift */ = {isa = PBXFileReference; fileEncoding = 4; lastKnownFileType = sourcecode.swift; path = ChatTableController.swift; sourceTree = "<group>"; };
		85F6A5231BEECA2C00141938 /* GUI.storyboard */ = {isa = PBXFileReference; fileEncoding = 4; lastKnownFileType = file.storyboard; path = GUI.storyboard; sourceTree = "<group>"; };
		85F7696D1E8540B80085151F /* ChatMessage.swift */ = {isa = PBXFileReference; fileEncoding = 4; lastKnownFileType = sourcecode.swift; path = ChatMessage.swift; sourceTree = "<group>"; };
		85FE1CC91C31C4C100BA19FA /* UIImage+mySHiT.swift */ = {isa = PBXFileReference; fileEncoding = 4; lastKnownFileType = sourcecode.swift; path = "UIImage+mySHiT.swift"; sourceTree = "<group>"; };
		85FEFC3B1BC7FCF800D8E38E /* mySHiT.app */ = {isa = PBXFileReference; explicitFileType = wrapper.application; includeInIndex = 0; path = mySHiT.app; sourceTree = BUILT_PRODUCTS_DIR; };
		85FEFC3E1BC7FCF800D8E38E /* AppDelegate.swift */ = {isa = PBXFileReference; lastKnownFileType = sourcecode.swift; path = AppDelegate.swift; sourceTree = "<group>"; };
		85FEFC401BC7FCF800D8E38E /* TripListViewController.swift */ = {isa = PBXFileReference; lastKnownFileType = sourcecode.swift; path = TripListViewController.swift; sourceTree = "<group>"; };
		85FEFC431BC7FCF800D8E38E /* Base */ = {isa = PBXFileReference; lastKnownFileType = file.storyboard; name = Base; path = Base.lproj/Main.storyboard; sourceTree = "<group>"; };
		85FEFC451BC7FCF800D8E38E /* Assets.xcassets */ = {isa = PBXFileReference; lastKnownFileType = folder.assetcatalog; path = Assets.xcassets; sourceTree = "<group>"; };
		85FEFC481BC7FCF800D8E38E /* Base */ = {isa = PBXFileReference; lastKnownFileType = file.storyboard; name = Base; path = Base.lproj/LaunchScreen.storyboard; sourceTree = "<group>"; };
		85FEFC4A1BC7FCF800D8E38E /* Info.plist */ = {isa = PBXFileReference; lastKnownFileType = text.plist.xml; path = Info.plist; sourceTree = "<group>"; };
		85FEFC4F1BC7FCF900D8E38E /* mySHiTTests.xctest */ = {isa = PBXFileReference; explicitFileType = wrapper.cfbundle; includeInIndex = 0; path = mySHiTTests.xctest; sourceTree = BUILT_PRODUCTS_DIR; };
		85FEFC531BC7FCF900D8E38E /* mySHiTTests.swift */ = {isa = PBXFileReference; lastKnownFileType = sourcecode.swift; path = mySHiTTests.swift; sourceTree = "<group>"; };
		85FEFC551BC7FCF900D8E38E /* Info.plist */ = {isa = PBXFileReference; lastKnownFileType = text.plist.xml; path = Info.plist; sourceTree = "<group>"; };
		85FEFC5A1BC7FCF900D8E38E /* mySHiTUITests.xctest */ = {isa = PBXFileReference; explicitFileType = wrapper.cfbundle; includeInIndex = 0; path = mySHiTUITests.xctest; sourceTree = BUILT_PRODUCTS_DIR; };
		85FEFC5E1BC7FCF900D8E38E /* mySHiTUITests.swift */ = {isa = PBXFileReference; lastKnownFileType = sourcecode.swift; path = mySHiTUITests.swift; sourceTree = "<group>"; };
		85FEFC601BC7FCF900D8E38E /* Info.plist */ = {isa = PBXFileReference; lastKnownFileType = text.plist.xml; path = Info.plist; sourceTree = "<group>"; };
		85FEFC6C1BC818FA00D8E38E /* LogonViewController.swift */ = {isa = PBXFileReference; fileEncoding = 4; lastKnownFileType = sourcecode.swift; path = LogonViewController.swift; sourceTree = "<group>"; };
		85FEFC751BCA7F4000D8E38E /* RSTransaction.swift */ = {isa = PBXFileReference; fileEncoding = 4; lastKnownFileType = sourcecode.swift; path = RSTransaction.swift; sourceTree = "<group>"; };
		85FEFC761BCA7F4000D8E38E /* RSTransactionRequest.swift */ = {isa = PBXFileReference; fileEncoding = 4; lastKnownFileType = sourcecode.swift; path = RSTransactionRequest.swift; sourceTree = "<group>"; };
		85FEFC771BCA7F4000D8E38E /* RSURLRequest.swift */ = {isa = PBXFileReference; fileEncoding = 4; lastKnownFileType = sourcecode.swift; path = RSURLRequest.swift; sourceTree = "<group>"; };
		85FEFC781BCA7F4000D8E38E /* RSUtilities.swift */ = {isa = PBXFileReference; fileEncoding = 4; lastKnownFileType = sourcecode.swift; path = RSUtilities.swift; sourceTree = "<group>"; };
		85FEFC791BCA7F4000D8E38E /* UIButton+RSNetworking.swift */ = {isa = PBXFileReference; fileEncoding = 4; lastKnownFileType = sourcecode.swift; path = "UIButton+RSNetworking.swift"; sourceTree = "<group>"; };
		85FEFC7A1BCA7F4000D8E38E /* UIImageView+RSNetworking.swift */ = {isa = PBXFileReference; fileEncoding = 4; lastKnownFileType = sourcecode.swift; path = "UIImageView+RSNetworking.swift"; sourceTree = "<group>"; };
		85FEFC831BCBFA6B00D8E38E /* Settings.bundle */ = {isa = PBXFileReference; lastKnownFileType = "wrapper.plug-in"; path = Settings.bundle; sourceTree = "<group>"; };
		85FFD37A1C5000840083C72B /* Constant.swift */ = {isa = PBXFileReference; fileEncoding = 4; lastKnownFileType = sourcecode.swift; path = Constant.swift; sourceTree = "<group>"; };
		8DBE46CB37994FBAC48C72EB /* Pods-mySHiTTests.release.xcconfig */ = {isa = PBXFileReference; includeInIndex = 1; lastKnownFileType = text.xcconfig; name = "Pods-mySHiTTests.release.xcconfig"; path = "Pods/Target Support Files/Pods-mySHiTTests/Pods-mySHiTTests.release.xcconfig"; sourceTree = "<group>"; };
		93D147E31DD5C317DDDEE109 /* Pods-mySHiTUITests.release.xcconfig */ = {isa = PBXFileReference; includeInIndex = 1; lastKnownFileType = text.xcconfig; name = "Pods-mySHiTUITests.release.xcconfig"; path = "Pods/Target Support Files/Pods-mySHiTUITests/Pods-mySHiTUITests.release.xcconfig"; sourceTree = "<group>"; };
		9AF23EC1DAB8D653EA83490D /* Pods-mySHiT.release.xcconfig */ = {isa = PBXFileReference; includeInIndex = 1; lastKnownFileType = text.xcconfig; name = "Pods-mySHiT.release.xcconfig"; path = "Pods/Target Support Files/Pods-mySHiT/Pods-mySHiT.release.xcconfig"; sourceTree = "<group>"; };
		A902404992660897D1CFCCAA /* Pods-mySHiTTests.debug.xcconfig */ = {isa = PBXFileReference; includeInIndex = 1; lastKnownFileType = text.xcconfig; name = "Pods-mySHiTTests.debug.xcconfig"; path = "Pods/Target Support Files/Pods-mySHiTTests/Pods-mySHiTTests.debug.xcconfig"; sourceTree = "<group>"; };
/* End PBXFileReference section */

/* Begin PBXFrameworksBuildPhase section */
		85FEFC381BC7FCF800D8E38E /* Frameworks */ = {
			isa = PBXFrameworksBuildPhase;
			buildActionMask = 2147483647;
			files = (
				F327C96314D59E64F1D6A2F1 /* Pods_mySHiT.framework in Frameworks */,
			);
			runOnlyForDeploymentPostprocessing = 0;
		};
		85FEFC4C1BC7FCF900D8E38E /* Frameworks */ = {
			isa = PBXFrameworksBuildPhase;
			buildActionMask = 2147483647;
			files = (
				D397A5299C49754CC6708069 /* Pods_mySHiTTests.framework in Frameworks */,
			);
			runOnlyForDeploymentPostprocessing = 0;
		};
		85FEFC571BC7FCF900D8E38E /* Frameworks */ = {
			isa = PBXFrameworksBuildPhase;
			buildActionMask = 2147483647;
			files = (
				D26BB67AF010DFD2262B6976 /* Pods_mySHiTUITests.framework in Frameworks */,
			);
			runOnlyForDeploymentPostprocessing = 0;
		};
/* End PBXFrameworksBuildPhase section */

/* Begin PBXGroup section */
		274EA5EB836EA2BCB3CACFC6 /* Pods */ = {
			isa = PBXGroup;
			children = (
				74D433F1BFB2E6D26903622B /* Pods-mySHiT.debug.xcconfig */,
				9AF23EC1DAB8D653EA83490D /* Pods-mySHiT.release.xcconfig */,
				A902404992660897D1CFCCAA /* Pods-mySHiTTests.debug.xcconfig */,
				8DBE46CB37994FBAC48C72EB /* Pods-mySHiTTests.release.xcconfig */,
				635CB9024F4A69D050CF9411 /* Pods-mySHiTUITests.debug.xcconfig */,
				93D147E31DD5C317DDDEE109 /* Pods-mySHiTUITests.release.xcconfig */,
			);
			name = Pods;
			sourceTree = "<group>";
		};
		85C52A161BD3002F00F625B5 /* Model */ = {
			isa = PBXGroup;
			children = (
				85C52A171BD3004F00F625B5 /* AnnotatedTrip.swift */,
				85ABD35D1BD5987500B26F07 /* AnnotatedTripElement.swift */,
				85D73AED1C29398E00998461 /* ChangeState.swift */,
				85F7696D1E8540B80085151F /* ChatMessage.swift */,
				8519D67D1E9FBB810077FB52 /* ChatThread.swift */,
				859F903A1E3620EF0006AEC4 /* Event.swift */,
				856D66531BD671A300C62D79 /* Flight.swift */,
				856D66551BD673C100C62D79 /* GenericTransport.swift */,
				856D66591BD6F73100C62D79 /* Hotel.swift */,
				85EA06F7200E290200C61D48 /* DeepLink.swift */,
				85BF602E1E6453E900E5D785 /* NotificationInfo.swift */,
				85BF60301E66FCA500E5D785 /* ScheduledTransport.swift */,
				856D66611BD824E300C62D79 /* SecurityWrapper.swift */,
				856D66571BD6845D00C62D79 /* ServerDate.swift */,
				856D665D1BD7933E00C62D79 /* Tenses.swift */,
				856D665B1BD7025400C62D79 /* Trip.swift */,
				856D66511BD66A3900C62D79 /* TripElement.swift */,
				8576E7C222B67CD50005B9CB /* ModelError.swift */,
				85ABD35F1BD59A5E00B26F07 /* TripElementListSection.swift */,
				855F335A1BDF6C2F002CB89B /* TripList.swift */,
				85C52A191BD419E300F625B5 /* TripListSection.swift */,
				859D44161BD4EC7E0068E5B3 /* User.swift */,
				85EA06F5200CDFC800C61D48 /* DeepLinkManager.swift */,
				85EA06F9200E2CCA00C61D48 /* NotificationLink.swift */,
				85EA06FB2019307D00C61D48 /* AlertLink.swift */,
				8520FB402293105C002E7CF2 /* Phone.swift */,
				85DBE0E322E61293002382EB /* Address.swift */,
				853126D6242105AB00D99A6D /* ServerTimestamp.swift */,
			);
			name = Model;
			sourceTree = "<group>";
		};
		85C52A1B1BD4469600F625B5 /* Extensions */ = {
			isa = PBXGroup;
			children = (
				856B947522A025EB008A7E99 /* UITextField+mySHiT.swift */,
				85DBE0E122E48B7E002382EB /* NSMutableAttributedString+mySHiT.swift */,
				85C52A1C1BD446C100F625B5 /* NSDate+mySHiT.swift */,
				85FE1CC91C31C4C100BA19FA /* UIImage+mySHiT.swift */,
				85179B4C1BDDB09F0097F571 /* UIView+mySHiT.swift */,
				85EBF78822A7CE5900D4389B /* UserInfoDictionary.swift */,
				8576E7C022B673CA0005B9CB /* Array+mySHiT.swift */,
				853ADF501C32996D0092832C /* UITableView+mySHiT.swift */,
				8520FB3E2292BC9D002E7CF2 /* UITextView+mySHiT.swift */,
				85EA06FD20193D3F00C61D48 /* UIViewController+mySHiT.swift */,
				8519D67B1E97B6410077FB52 /* UIChatMessage.swift */,
				85EF19E522B99FE7002FA60B /* OSLog+mySHiT.swift */,
				85595BE922CC0D2200A51E4E /* String+mySHiT.swift */,
			);
			name = Extensions;
			sourceTree = "<group>";
		};
		85C52A1E1BD44E0100F625B5 /* Preferences */ = {
			isa = PBXGroup;
			children = (
				85C52A1F1BD44E1A00F625B5 /* UpcomingTrips.swift */,
			);
			name = Preferences;
			sourceTree = "<group>";
		};
		85CAD2DF1EBF94220061607C /* View Controllers */ = {
			isa = PBXGroup;
			children = (
				855F33581BDEE853002CB89B /* AlertListViewController.swift */,
				85F490ED1E892BD4004D9A5D /* ChatTableController.swift */,
				85916FA01E8595C000FF9B19 /* ChatViewController.swift */,
				85FEFC6C1BC818FA00D8E38E /* LogonViewController.swift */,
				85CAD2E01EBF94620061607C /* Trip Element View Controllers */,
				85ABD35B1BD58EA100B26F07 /* TripDetailsViewController.swift */,
				85FEFC401BC7FCF800D8E38E /* TripListViewController.swift */,
				85EBF78622A4590A00D4389B /* DeepLinkableViewController.swift */,
			);
			name = "View Controllers";
			sourceTree = "<group>";
		};
		85CAD2E01EBF94620061607C /* Trip Element View Controllers */ = {
			isa = PBXGroup;
			children = (
				859F903C1E3699450006AEC4 /* EventDetailsViewController.swift */,
				851173871BE371D8008FE3BE /* FlightDetailsViewController.swift */,
				851173891BE37245008FE3BE /* HotelDetailsViewController.swift */,
				85229DCF1BFE041A000893E5 /* PrivateTransportDetailsViewController.swift */,
				8507431C1BEA60FC006E96A0 /* ScheduledTransportDetailsViewController.swift */,
				8507431A1BE95DC1006E96A0 /* UnknownElementDetailsViewController.swift */,
			);
			name = "Trip Element View Controllers";
			sourceTree = "<group>";
		};
		85FEFC321BC7FCF800D8E38E = {
			isa = PBXGroup;
			children = (
				850D400C224E440600D89687 /* GoogleService-Info.plist */,
				85CAD2E11EBFCB280061607C /* Chat-NewMessage.wav */,
				85FEFC3D1BC7FCF800D8E38E /* mySHiT */,
				85FEFC521BC7FCF900D8E38E /* mySHiTTests */,
				85FEFC5D1BC7FCF900D8E38E /* mySHiTUITests */,
				85FEFC3C1BC7FCF800D8E38E /* Products */,
				274EA5EB836EA2BCB3CACFC6 /* Pods */,
				E71C7A68923CD948798059E8 /* Frameworks */,
			);
			sourceTree = "<group>";
		};
		85FEFC3C1BC7FCF800D8E38E /* Products */ = {
			isa = PBXGroup;
			children = (
				85FEFC3B1BC7FCF800D8E38E /* mySHiT.app */,
				85FEFC4F1BC7FCF900D8E38E /* mySHiTTests.xctest */,
				85FEFC5A1BC7FCF900D8E38E /* mySHiTUITests.xctest */,
			);
			name = Products;
			sourceTree = "<group>";
		};
		85FEFC3D1BC7FCF800D8E38E /* mySHiT */ = {
			isa = PBXGroup;
			children = (
				8566AD671E8BD21C00855848 /* SHiTChatCell.swift */,
				852ED3821E1FD7CA005F5146 /* mySHiT.entitlements */,
				85C52A1E1BD44E0100F625B5 /* Preferences */,
				85C52A1B1BD4469600F625B5 /* Extensions */,
				85C52A161BD3002F00F625B5 /* Model */,
				85FEFC741BCA7F4000D8E38E /* RSNetworking */,
				85FEFC3E1BC7FCF800D8E38E /* AppDelegate.swift */,
				85F6A5231BEECA2C00141938 /* GUI.storyboard */,
				85FFD37A1C5000840083C72B /* Constant.swift */,
				85CAD2DF1EBF94220061607C /* View Controllers */,
				85FEFC421BC7FCF800D8E38E /* Main.storyboard */,
				85C52A231BD4681D00F625B5 /* Localizable.strings */,
				85FEFC451BC7FCF800D8E38E /* Assets.xcassets */,
				85FEFC471BC7FCF800D8E38E /* LaunchScreen.storyboard */,
				85FEFC4A1BC7FCF800D8E38E /* Info.plist */,
				85FEFC831BCBFA6B00D8E38E /* Settings.bundle */,
				856D665F1BD7CE3C00C62D79 /* Development tips */,
			);
			path = mySHiT;
			sourceTree = "<group>";
		};
		85FEFC521BC7FCF900D8E38E /* mySHiTTests */ = {
			isa = PBXGroup;
			children = (
				85FEFC531BC7FCF900D8E38E /* mySHiTTests.swift */,
				85FEFC551BC7FCF900D8E38E /* Info.plist */,
			);
			path = mySHiTTests;
			sourceTree = "<group>";
		};
		85FEFC5D1BC7FCF900D8E38E /* mySHiTUITests */ = {
			isa = PBXGroup;
			children = (
				85FEFC5E1BC7FCF900D8E38E /* mySHiTUITests.swift */,
				85FEFC601BC7FCF900D8E38E /* Info.plist */,
			);
			path = mySHiTUITests;
			sourceTree = "<group>";
		};
		85FEFC741BCA7F4000D8E38E /* RSNetworking */ = {
			isa = PBXGroup;
			children = (
				85FEFC751BCA7F4000D8E38E /* RSTransaction.swift */,
				85FEFC761BCA7F4000D8E38E /* RSTransactionRequest.swift */,
				85FEFC771BCA7F4000D8E38E /* RSURLRequest.swift */,
				85FEFC781BCA7F4000D8E38E /* RSUtilities.swift */,
				85FEFC791BCA7F4000D8E38E /* UIButton+RSNetworking.swift */,
				85FEFC7A1BCA7F4000D8E38E /* UIImageView+RSNetworking.swift */,
			);
			path = RSNetworking;
			sourceTree = "<group>";
		};
		E71C7A68923CD948798059E8 /* Frameworks */ = {
			isa = PBXGroup;
			children = (
				549C82070E2D469FB335926A /* Pods_mySHiT.framework */,
				3179E87F8F227AD723C8CE7E /* Pods_mySHiTTests.framework */,
				1BF50E66EEEC1A208D1F4FF3 /* Pods_mySHiTUITests.framework */,
			);
			name = Frameworks;
			sourceTree = "<group>";
		};
/* End PBXGroup section */

/* Begin PBXNativeTarget section */
		85FEFC3A1BC7FCF800D8E38E /* mySHiT */ = {
			isa = PBXNativeTarget;
			buildConfigurationList = 85FEFC631BC7FCF900D8E38E /* Build configuration list for PBXNativeTarget "mySHiT" */;
			buildPhases = (
				CDA653D6CFCE8C58E39F91E5 /* [CP] Check Pods Manifest.lock */,
				85FEFC371BC7FCF800D8E38E /* Sources */,
				85FEFC381BC7FCF800D8E38E /* Frameworks */,
				85FEFC391BC7FCF800D8E38E /* Resources */,
				295D7435AA711BC09513186F /* [CP] Embed Pods Frameworks */,
				85F02B331EBA09ED00E0C305 /* Embed Frameworks */,
			);
			buildRules = (
			);
			dependencies = (
			);
			name = mySHiT;
			productName = mySHiT;
			productReference = 85FEFC3B1BC7FCF800D8E38E /* mySHiT.app */;
			productType = "com.apple.product-type.application";
		};
		85FEFC4E1BC7FCF900D8E38E /* mySHiTTests */ = {
			isa = PBXNativeTarget;
			buildConfigurationList = 85FEFC661BC7FCF900D8E38E /* Build configuration list for PBXNativeTarget "mySHiTTests" */;
			buildPhases = (
				1E3058241710FA07A01B0B50 /* [CP] Check Pods Manifest.lock */,
				85FEFC4B1BC7FCF900D8E38E /* Sources */,
				85FEFC4C1BC7FCF900D8E38E /* Frameworks */,
				85FEFC4D1BC7FCF900D8E38E /* Resources */,
			);
			buildRules = (
			);
			dependencies = (
				85FEFC511BC7FCF900D8E38E /* PBXTargetDependency */,
			);
			name = mySHiTTests;
			productName = mySHiTTests;
			productReference = 85FEFC4F1BC7FCF900D8E38E /* mySHiTTests.xctest */;
			productType = "com.apple.product-type.bundle.unit-test";
		};
		85FEFC591BC7FCF900D8E38E /* mySHiTUITests */ = {
			isa = PBXNativeTarget;
			buildConfigurationList = 85FEFC691BC7FCF900D8E38E /* Build configuration list for PBXNativeTarget "mySHiTUITests" */;
			buildPhases = (
				1A9CB8A0FC1BF99C09E0F6BB /* [CP] Check Pods Manifest.lock */,
				85FEFC561BC7FCF900D8E38E /* Sources */,
				85FEFC571BC7FCF900D8E38E /* Frameworks */,
				85FEFC581BC7FCF900D8E38E /* Resources */,
			);
			buildRules = (
			);
			dependencies = (
				85FEFC5C1BC7FCF900D8E38E /* PBXTargetDependency */,
			);
			name = mySHiTUITests;
			productName = mySHiTUITests;
			productReference = 85FEFC5A1BC7FCF900D8E38E /* mySHiTUITests.xctest */;
			productType = "com.apple.product-type.bundle.ui-testing";
		};
/* End PBXNativeTarget section */

/* Begin PBXProject section */
		85FEFC331BC7FCF800D8E38E /* Project object */ = {
			isa = PBXProject;
			attributes = {
				KnownAssetTags = (
					2,
				);
				LastUpgradeCheck = 1010;
				ORGANIZATIONNAME = "&More AS";
				TargetAttributes = {
					85FEFC3A1BC7FCF800D8E38E = {
						CreatedOnToolsVersion = 7.0;
						DevelopmentTeam = LF3HBMECXF;
						LastSwiftMigration = 1020;
						ProvisioningStyle = Automatic;
						SystemCapabilities = {
							com.apple.BackgroundModes = {
								enabled = 1;
							};
							com.apple.Push = {
								enabled = 1;
							};
						};
					};
					85FEFC4E1BC7FCF900D8E38E = {
						CreatedOnToolsVersion = 7.0;
						LastSwiftMigration = 1020;
						TestTargetID = 85FEFC3A1BC7FCF800D8E38E;
					};
					85FEFC591BC7FCF900D8E38E = {
						CreatedOnToolsVersion = 7.0;
						LastSwiftMigration = 1020;
						TestTargetID = 85FEFC3A1BC7FCF800D8E38E;
					};
				};
			};
			buildConfigurationList = 85FEFC361BC7FCF800D8E38E /* Build configuration list for PBXProject "mySHiT" */;
			compatibilityVersion = "Xcode 3.2";
			developmentRegion = en;
			hasScannedForEncodings = 0;
			knownRegions = (
				en,
				Base,
				nb,
				sv,
			);
			mainGroup = 85FEFC321BC7FCF800D8E38E;
			productRefGroup = 85FEFC3C1BC7FCF800D8E38E /* Products */;
			projectDirPath = "";
			projectRoot = "";
			targets = (
				85FEFC3A1BC7FCF800D8E38E /* mySHiT */,
				85FEFC4E1BC7FCF900D8E38E /* mySHiTTests */,
				85FEFC591BC7FCF900D8E38E /* mySHiTUITests */,
			);
		};
/* End PBXProject section */

/* Begin PBXResourcesBuildPhase section */
		85FEFC391BC7FCF800D8E38E /* Resources */ = {
			isa = PBXResourcesBuildPhase;
			buildActionMask = 2147483647;
			files = (
				85C52A211BD4681D00F625B5 /* Localizable.strings in Resources */,
				85FEFC841BCBFA6B00D8E38E /* Settings.bundle in Resources */,
				856D66601BD7CE3C00C62D79 /* Development tips in Resources */,
				85FEFC491BC7FCF800D8E38E /* LaunchScreen.storyboard in Resources */,
				85FEFC461BC7FCF800D8E38E /* Assets.xcassets in Resources */,
				85FEFC441BC7FCF800D8E38E /* Main.storyboard in Resources */,
				850D400D224E440600D89687 /* GoogleService-Info.plist in Resources */,
				85F6A5241BEECA2C00141938 /* GUI.storyboard in Resources */,
				85CAD2E21EBFCB280061607C /* Chat-NewMessage.wav in Resources */,
			);
			runOnlyForDeploymentPostprocessing = 0;
		};
		85FEFC4D1BC7FCF900D8E38E /* Resources */ = {
			isa = PBXResourcesBuildPhase;
			buildActionMask = 2147483647;
			files = (
			);
			runOnlyForDeploymentPostprocessing = 0;
		};
		85FEFC581BC7FCF900D8E38E /* Resources */ = {
			isa = PBXResourcesBuildPhase;
			buildActionMask = 2147483647;
			files = (
			);
			runOnlyForDeploymentPostprocessing = 0;
		};
/* End PBXResourcesBuildPhase section */

/* Begin PBXShellScriptBuildPhase section */
		1A9CB8A0FC1BF99C09E0F6BB /* [CP] Check Pods Manifest.lock */ = {
			isa = PBXShellScriptBuildPhase;
			buildActionMask = 2147483647;
			files = (
			);
			inputPaths = (
				"${PODS_PODFILE_DIR_PATH}/Podfile.lock",
				"${PODS_ROOT}/Manifest.lock",
			);
			name = "[CP] Check Pods Manifest.lock";
			outputPaths = (
				"$(DERIVED_FILE_DIR)/Pods-mySHiTUITests-checkManifestLockResult.txt",
			);
			runOnlyForDeploymentPostprocessing = 0;
			shellPath = /bin/sh;
			shellScript = "diff \"${PODS_PODFILE_DIR_PATH}/Podfile.lock\" \"${PODS_ROOT}/Manifest.lock\" > /dev/null\nif [ $? != 0 ] ; then\n    # print error to STDERR\n    echo \"error: The sandbox is not in sync with the Podfile.lock. Run 'pod install' or update your CocoaPods installation.\" >&2\n    exit 1\nfi\n# This output is used by Xcode 'outputs' to avoid re-running this script phase.\necho \"SUCCESS\" > \"${SCRIPT_OUTPUT_FILE_0}\"\n";
			showEnvVarsInLog = 0;
		};
		1E3058241710FA07A01B0B50 /* [CP] Check Pods Manifest.lock */ = {
			isa = PBXShellScriptBuildPhase;
			buildActionMask = 2147483647;
			files = (
			);
			inputPaths = (
				"${PODS_PODFILE_DIR_PATH}/Podfile.lock",
				"${PODS_ROOT}/Manifest.lock",
			);
			name = "[CP] Check Pods Manifest.lock";
			outputPaths = (
				"$(DERIVED_FILE_DIR)/Pods-mySHiTTests-checkManifestLockResult.txt",
			);
			runOnlyForDeploymentPostprocessing = 0;
			shellPath = /bin/sh;
			shellScript = "diff \"${PODS_PODFILE_DIR_PATH}/Podfile.lock\" \"${PODS_ROOT}/Manifest.lock\" > /dev/null\nif [ $? != 0 ] ; then\n    # print error to STDERR\n    echo \"error: The sandbox is not in sync with the Podfile.lock. Run 'pod install' or update your CocoaPods installation.\" >&2\n    exit 1\nfi\n# This output is used by Xcode 'outputs' to avoid re-running this script phase.\necho \"SUCCESS\" > \"${SCRIPT_OUTPUT_FILE_0}\"\n";
			showEnvVarsInLog = 0;
		};
		295D7435AA711BC09513186F /* [CP] Embed Pods Frameworks */ = {
			isa = PBXShellScriptBuildPhase;
			buildActionMask = 2147483647;
			files = (
			);
			inputPaths = (
				"${PODS_ROOT}/Target Support Files/Pods-mySHiT/Pods-mySHiT-frameworks.sh",
				"${BUILT_PRODUCTS_DIR}/GoogleUtilities/GoogleUtilities.framework",
				"${BUILT_PRODUCTS_DIR}/Protobuf/Protobuf.framework",
				"${BUILT_PRODUCTS_DIR}/nanopb/nanopb.framework",
			);
			name = "[CP] Embed Pods Frameworks";
			outputPaths = (
				"${TARGET_BUILD_DIR}/${FRAMEWORKS_FOLDER_PATH}/GoogleUtilities.framework",
				"${TARGET_BUILD_DIR}/${FRAMEWORKS_FOLDER_PATH}/Protobuf.framework",
				"${TARGET_BUILD_DIR}/${FRAMEWORKS_FOLDER_PATH}/nanopb.framework",
			);
			runOnlyForDeploymentPostprocessing = 0;
			shellPath = /bin/sh;
			shellScript = "\"${PODS_ROOT}/Target Support Files/Pods-mySHiT/Pods-mySHiT-frameworks.sh\"\n";
			showEnvVarsInLog = 0;
		};
		CDA653D6CFCE8C58E39F91E5 /* [CP] Check Pods Manifest.lock */ = {
			isa = PBXShellScriptBuildPhase;
			buildActionMask = 2147483647;
			files = (
			);
			inputPaths = (
				"${PODS_PODFILE_DIR_PATH}/Podfile.lock",
				"${PODS_ROOT}/Manifest.lock",
			);
			name = "[CP] Check Pods Manifest.lock";
			outputPaths = (
				"$(DERIVED_FILE_DIR)/Pods-mySHiT-checkManifestLockResult.txt",
			);
			runOnlyForDeploymentPostprocessing = 0;
			shellPath = /bin/sh;
			shellScript = "diff \"${PODS_PODFILE_DIR_PATH}/Podfile.lock\" \"${PODS_ROOT}/Manifest.lock\" > /dev/null\nif [ $? != 0 ] ; then\n    # print error to STDERR\n    echo \"error: The sandbox is not in sync with the Podfile.lock. Run 'pod install' or update your CocoaPods installation.\" >&2\n    exit 1\nfi\n# This output is used by Xcode 'outputs' to avoid re-running this script phase.\necho \"SUCCESS\" > \"${SCRIPT_OUTPUT_FILE_0}\"\n";
			showEnvVarsInLog = 0;
		};
/* End PBXShellScriptBuildPhase section */

/* Begin PBXSourcesBuildPhase section */
		85FEFC371BC7FCF800D8E38E /* Sources */ = {
			isa = PBXSourcesBuildPhase;
			buildActionMask = 2147483647;
			files = (
				85FEFC7F1BCA7F4000D8E38E /* UIButton+RSNetworking.swift in Sources */,
				8520FB3F2292BC9E002E7CF2 /* UITextView+mySHiT.swift in Sources */,
				85EA06F8200E290200C61D48 /* DeepLink.swift in Sources */,
				853ADF511C32996D0092832C /* UITableView+mySHiT.swift in Sources */,
				8520FB412293105C002E7CF2 /* Phone.swift in Sources */,
				85FEFC7E1BCA7F4000D8E38E /* RSUtilities.swift in Sources */,
				85FEFC7D1BCA7F4000D8E38E /* RSURLRequest.swift in Sources */,
				85F490EE1E892BD4004D9A5D /* ChatTableController.swift in Sources */,
				85EA06FE20193D3F00C61D48 /* UIViewController+mySHiT.swift in Sources */,
				85C52A181BD3004F00F625B5 /* AnnotatedTrip.swift in Sources */,
				85FFD37B1C5000840083C72B /* Constant.swift in Sources */,
				859F903B1E3620EF0006AEC4 /* Event.swift in Sources */,
				856D665C1BD7025400C62D79 /* Trip.swift in Sources */,
				85C52A201BD44E1A00F625B5 /* UpcomingTrips.swift in Sources */,
				85EF19E622B99FE7002FA60B /* OSLog+mySHiT.swift in Sources */,
				85ABD35C1BD58EA100B26F07 /* TripDetailsViewController.swift in Sources */,
				85FEFC411BC7FCF800D8E38E /* TripListViewController.swift in Sources */,
				856D66561BD673C100C62D79 /* GenericTransport.swift in Sources */,
				8519D67E1E9FBB810077FB52 /* ChatThread.swift in Sources */,
				85BF602F1E6453EA00E5D785 /* NotificationInfo.swift in Sources */,
				856D66621BD824E300C62D79 /* SecurityWrapper.swift in Sources */,
				851173881BE371D8008FE3BE /* FlightDetailsViewController.swift in Sources */,
				8566AD681E8BD21C00855848 /* SHiTChatCell.swift in Sources */,
				8507431D1BEA60FC006E96A0 /* ScheduledTransportDetailsViewController.swift in Sources */,
				859F903D1E3699450006AEC4 /* EventDetailsViewController.swift in Sources */,
				859D44171BD4EC7E0068E5B3 /* User.swift in Sources */,
				85FEFC7B1BCA7F4000D8E38E /* RSTransaction.swift in Sources */,
				853126D7242105AB00D99A6D /* ServerTimestamp.swift in Sources */,
				85DBE0E422E61293002382EB /* Address.swift in Sources */,
				85BF60311E66FCA500E5D785 /* ScheduledTransport.swift in Sources */,
				85EA06F6200CDFC800C61D48 /* DeepLinkManager.swift in Sources */,
				855F335B1BDF6C2F002CB89B /* TripList.swift in Sources */,
				85F7696E1E8540B80085151F /* ChatMessage.swift in Sources */,
				85179B4D1BDDB09F0097F571 /* UIView+mySHiT.swift in Sources */,
				8576E7C122B673CA0005B9CB /* Array+mySHiT.swift in Sources */,
				856D665A1BD6F73100C62D79 /* Hotel.swift in Sources */,
				856D66521BD66A3900C62D79 /* TripElement.swift in Sources */,
				85FEFC801BCA7F4000D8E38E /* UIImageView+RSNetworking.swift in Sources */,
				85FEFC7C1BCA7F4000D8E38E /* RSTransactionRequest.swift in Sources */,
				8519D67C1E97B6410077FB52 /* UIChatMessage.swift in Sources */,
				855F33591BDEE853002CB89B /* AlertListViewController.swift in Sources */,
				8576E7C322B67CD50005B9CB /* ModelError.swift in Sources */,
				85FEFC3F1BC7FCF800D8E38E /* AppDelegate.swift in Sources */,
				85ABD35E1BD5987500B26F07 /* AnnotatedTripElement.swift in Sources */,
				85EA06FA200E2CCA00C61D48 /* NotificationLink.swift in Sources */,
				856B947622A025EB008A7E99 /* UITextField+mySHiT.swift in Sources */,
				85EBF78922A7CE5900D4389B /* UserInfoDictionary.swift in Sources */,
				856D665E1BD7933E00C62D79 /* Tenses.swift in Sources */,
				8507431B1BE95DC1006E96A0 /* UnknownElementDetailsViewController.swift in Sources */,
				85D73AEE1C29398E00998461 /* ChangeState.swift in Sources */,
				85EA06FC2019307D00C61D48 /* AlertLink.swift in Sources */,
				856D66541BD671A300C62D79 /* Flight.swift in Sources */,
				85DBE0E222E48B7E002382EB /* NSMutableAttributedString+mySHiT.swift in Sources */,
				85FEFC6D1BC818FA00D8E38E /* LogonViewController.swift in Sources */,
				85C52A1D1BD446C100F625B5 /* NSDate+mySHiT.swift in Sources */,
				8511738A1BE37245008FE3BE /* HotelDetailsViewController.swift in Sources */,
				85229DD01BFE041A000893E5 /* PrivateTransportDetailsViewController.swift in Sources */,
				85FE1CCA1C31C4C100BA19FA /* UIImage+mySHiT.swift in Sources */,
				85916FA11E8595C000FF9B19 /* ChatViewController.swift in Sources */,
				85595BEA22CC0D2200A51E4E /* String+mySHiT.swift in Sources */,
				85EBF78722A4590A00D4389B /* DeepLinkableViewController.swift in Sources */,
				856D66581BD6845D00C62D79 /* ServerDate.swift in Sources */,
				85C52A1A1BD419E300F625B5 /* TripListSection.swift in Sources */,
				85ABD3601BD59A5E00B26F07 /* TripElementListSection.swift in Sources */,
			);
			runOnlyForDeploymentPostprocessing = 0;
		};
		85FEFC4B1BC7FCF900D8E38E /* Sources */ = {
			isa = PBXSourcesBuildPhase;
			buildActionMask = 2147483647;
			files = (
				85FEFC541BC7FCF900D8E38E /* mySHiTTests.swift in Sources */,
			);
			runOnlyForDeploymentPostprocessing = 0;
		};
		85FEFC561BC7FCF900D8E38E /* Sources */ = {
			isa = PBXSourcesBuildPhase;
			buildActionMask = 2147483647;
			files = (
				85FEFC5F1BC7FCF900D8E38E /* mySHiTUITests.swift in Sources */,
			);
			runOnlyForDeploymentPostprocessing = 0;
		};
/* End PBXSourcesBuildPhase section */

/* Begin PBXTargetDependency section */
		85FEFC511BC7FCF900D8E38E /* PBXTargetDependency */ = {
			isa = PBXTargetDependency;
			target = 85FEFC3A1BC7FCF800D8E38E /* mySHiT */;
			targetProxy = 85FEFC501BC7FCF900D8E38E /* PBXContainerItemProxy */;
		};
		85FEFC5C1BC7FCF900D8E38E /* PBXTargetDependency */ = {
			isa = PBXTargetDependency;
			target = 85FEFC3A1BC7FCF800D8E38E /* mySHiT */;
			targetProxy = 85FEFC5B1BC7FCF900D8E38E /* PBXContainerItemProxy */;
		};
/* End PBXTargetDependency section */

/* Begin PBXVariantGroup section */
		85C52A231BD4681D00F625B5 /* Localizable.strings */ = {
			isa = PBXVariantGroup;
			children = (
				85C52A221BD4681D00F625B5 /* Base */,
				85C52A251BD4682200F625B5 /* nb */,
				85C52A261BD4682300F625B5 /* sv */,
			);
			name = Localizable.strings;
			sourceTree = "<group>";
		};
		85FEFC421BC7FCF800D8E38E /* Main.storyboard */ = {
			isa = PBXVariantGroup;
			children = (
				85FEFC431BC7FCF800D8E38E /* Base */,
				85C52A141BD2DC1000F625B5 /* sv */,
				85179B4B1BDD9F670097F571 /* nb */,
			);
			name = Main.storyboard;
			sourceTree = "<group>";
		};
		85FEFC471BC7FCF800D8E38E /* LaunchScreen.storyboard */ = {
			isa = PBXVariantGroup;
			children = (
				85FEFC481BC7FCF800D8E38E /* Base */,
				85C52A131BD2DC0800F625B5 /* nb */,
				85C52A151BD2DC1000F625B5 /* sv */,
			);
			name = LaunchScreen.storyboard;
			sourceTree = "<group>";
		};
/* End PBXVariantGroup section */

/* Begin XCBuildConfiguration section */
		85FEFC611BC7FCF900D8E38E /* Debug */ = {
			isa = XCBuildConfiguration;
			buildSettings = {
				"ALTERNATE_GROUP[sdk=*]" = "$(INSTALL_GROUP)";
				ALWAYS_SEARCH_USER_PATHS = NO;
				CLANG_ANALYZER_LOCALIZABILITY_NONLOCALIZED = YES;
				CLANG_CXX_LANGUAGE_STANDARD = "gnu++0x";
				CLANG_CXX_LIBRARY = "libc++";
				CLANG_ENABLE_MODULES = YES;
				CLANG_ENABLE_OBJC_ARC = YES;
				CLANG_WARN_BLOCK_CAPTURE_AUTORELEASING = YES;
				CLANG_WARN_BOOL_CONVERSION = YES;
				CLANG_WARN_COMMA = YES;
				CLANG_WARN_CONSTANT_CONVERSION = YES;
				CLANG_WARN_DEPRECATED_OBJC_IMPLEMENTATIONS = YES;
				CLANG_WARN_DIRECT_OBJC_ISA_USAGE = YES_ERROR;
				CLANG_WARN_EMPTY_BODY = YES;
				CLANG_WARN_ENUM_CONVERSION = YES;
				CLANG_WARN_INFINITE_RECURSION = YES;
				CLANG_WARN_INT_CONVERSION = YES;
				CLANG_WARN_NON_LITERAL_NULL_CONVERSION = YES;
				CLANG_WARN_OBJC_IMPLICIT_RETAIN_SELF = YES;
				CLANG_WARN_OBJC_LITERAL_CONVERSION = YES;
				CLANG_WARN_OBJC_ROOT_CLASS = YES_ERROR;
				CLANG_WARN_RANGE_LOOP_ANALYSIS = YES;
				CLANG_WARN_STRICT_PROTOTYPES = YES;
				CLANG_WARN_SUSPICIOUS_MOVE = YES;
				CLANG_WARN_UNREACHABLE_CODE = YES;
				CLANG_WARN__DUPLICATE_METHOD_MATCH = YES;
				"CODE_SIGN_IDENTITY[sdk=iphoneos*]" = "iPhone Developer";
				COPY_PHASE_STRIP = NO;
				DEBUG_INFORMATION_FORMAT = dwarf;
				ENABLE_STRICT_OBJC_MSGSEND = YES;
				ENABLE_TESTABILITY = YES;
				GCC_C_LANGUAGE_STANDARD = gnu99;
				GCC_DYNAMIC_NO_PIC = NO;
				GCC_NO_COMMON_BLOCKS = YES;
				GCC_OPTIMIZATION_LEVEL = 0;
				GCC_PREPROCESSOR_DEFINITIONS = (
					"DEBUG=1",
					"$(inherited)",
				);
				GCC_WARN_64_TO_32_BIT_CONVERSION = YES;
				GCC_WARN_ABOUT_RETURN_TYPE = YES_ERROR;
				GCC_WARN_UNDECLARED_SELECTOR = YES;
				GCC_WARN_UNINITIALIZED_AUTOS = YES_AGGRESSIVE;
				GCC_WARN_UNUSED_FUNCTION = YES;
				GCC_WARN_UNUSED_VARIABLE = YES;
				IPHONEOS_DEPLOYMENT_TARGET = 10.0;
				MTL_ENABLE_DEBUG_INFO = YES;
				ONLY_ACTIVE_ARCH = YES;
				SDKROOT = iphoneos;
				SWIFT_OPTIMIZATION_LEVEL = "-Onone";
				TARGETED_DEVICE_FAMILY = "1,2";
			};
			name = Debug;
		};
		85FEFC621BC7FCF900D8E38E /* Release */ = {
			isa = XCBuildConfiguration;
			buildSettings = {
				"ALTERNATE_OWNER[sdk=*]" = "$(INSTALL_OWNER)";
				ALWAYS_SEARCH_USER_PATHS = NO;
				CLANG_ANALYZER_LOCALIZABILITY_NONLOCALIZED = YES;
				CLANG_CXX_LANGUAGE_STANDARD = "gnu++0x";
				CLANG_CXX_LIBRARY = "libc++";
				CLANG_ENABLE_MODULES = YES;
				CLANG_ENABLE_OBJC_ARC = YES;
				CLANG_WARN_BLOCK_CAPTURE_AUTORELEASING = YES;
				CLANG_WARN_BOOL_CONVERSION = YES;
				CLANG_WARN_COMMA = YES;
				CLANG_WARN_CONSTANT_CONVERSION = YES;
				CLANG_WARN_DEPRECATED_OBJC_IMPLEMENTATIONS = YES;
				CLANG_WARN_DIRECT_OBJC_ISA_USAGE = YES_ERROR;
				CLANG_WARN_EMPTY_BODY = YES;
				CLANG_WARN_ENUM_CONVERSION = YES;
				CLANG_WARN_INFINITE_RECURSION = YES;
				CLANG_WARN_INT_CONVERSION = YES;
				CLANG_WARN_NON_LITERAL_NULL_CONVERSION = YES;
				CLANG_WARN_OBJC_IMPLICIT_RETAIN_SELF = YES;
				CLANG_WARN_OBJC_LITERAL_CONVERSION = YES;
				CLANG_WARN_OBJC_ROOT_CLASS = YES_ERROR;
				CLANG_WARN_RANGE_LOOP_ANALYSIS = YES;
				CLANG_WARN_STRICT_PROTOTYPES = YES;
				CLANG_WARN_SUSPICIOUS_MOVE = YES;
				CLANG_WARN_UNREACHABLE_CODE = YES;
				CLANG_WARN__DUPLICATE_METHOD_MATCH = YES;
				"CODE_SIGN_IDENTITY[sdk=iphoneos*]" = "iPhone Developer";
				COPY_PHASE_STRIP = NO;
				DEBUG_INFORMATION_FORMAT = "dwarf-with-dsym";
				ENABLE_NS_ASSERTIONS = NO;
				ENABLE_STRICT_OBJC_MSGSEND = YES;
				GCC_C_LANGUAGE_STANDARD = gnu99;
				GCC_NO_COMMON_BLOCKS = YES;
				GCC_WARN_64_TO_32_BIT_CONVERSION = YES;
				GCC_WARN_ABOUT_RETURN_TYPE = YES_ERROR;
				GCC_WARN_UNDECLARED_SELECTOR = YES;
				GCC_WARN_UNINITIALIZED_AUTOS = YES_AGGRESSIVE;
				GCC_WARN_UNUSED_FUNCTION = YES;
				GCC_WARN_UNUSED_VARIABLE = YES;
				IPHONEOS_DEPLOYMENT_TARGET = 10.0;
				MTL_ENABLE_DEBUG_INFO = NO;
				SDKROOT = iphoneos;
				SWIFT_OPTIMIZATION_LEVEL = "-Owholemodule";
				TARGETED_DEVICE_FAMILY = "1,2";
				VALIDATE_PRODUCT = YES;
			};
			name = Release;
		};
		85FEFC641BC7FCF900D8E38E /* Debug */ = {
			isa = XCBuildConfiguration;
			baseConfigurationReference = 74D433F1BFB2E6D26903622B /* Pods-mySHiT.debug.xcconfig */;
			buildSettings = {
				ASSETCATALOG_COMPILER_APPICON_NAME = AppIcon;
				CODE_SIGN_ENTITLEMENTS = mySHiT/mySHiT.entitlements;
				CODE_SIGN_IDENTITY = "iPhone Developer";
				"CODE_SIGN_IDENTITY[sdk=iphoneos*]" = "iPhone Developer";
				DEVELOPMENT_TEAM = "";
				FRAMEWORK_SEARCH_PATHS = (
					"$(inherited)",
					"$(PROJECT_DIR)/Pods/FirebaseAnalytics/Frameworks",
					"$(PROJECT_DIR)/Pods/GoogleAppMeasurement/Frameworks",
				);
				INFOPLIST_FILE = mySHiT/Info.plist;
				IPHONEOS_DEPLOYMENT_TARGET = 10.3;
				LD_RUNPATH_SEARCH_PATHS = "$(inherited) @executable_path/Frameworks";
				PRODUCT_BUNDLE_IDENTIFIER = no.andmore.mySHiT;
				PRODUCT_NAME = "$(TARGET_NAME)";
				PROVISIONING_PROFILE = "";
				PROVISIONING_PROFILE_SPECIFIER = "";
				SWIFT_VERSION = 5.0;
			};
			name = Debug;
		};
		85FEFC651BC7FCF900D8E38E /* Release */ = {
			isa = XCBuildConfiguration;
			baseConfigurationReference = 9AF23EC1DAB8D653EA83490D /* Pods-mySHiT.release.xcconfig */;
			buildSettings = {
				ASSETCATALOG_COMPILER_APPICON_NAME = AppIcon;
				CODE_SIGN_ENTITLEMENTS = mySHiT/mySHiT.entitlements;
				CODE_SIGN_IDENTITY = "iPhone Developer";
				"CODE_SIGN_IDENTITY[sdk=iphoneos*]" = "iPhone Developer";
				DEVELOPMENT_TEAM = "";
				FRAMEWORK_SEARCH_PATHS = (
					"$(inherited)",
					"$(PROJECT_DIR)/Pods/FirebaseAnalytics/Frameworks",
					"$(PROJECT_DIR)/Pods/GoogleAppMeasurement/Frameworks",
				);
				INFOPLIST_FILE = mySHiT/Info.plist;
				IPHONEOS_DEPLOYMENT_TARGET = 10.3;
				LD_RUNPATH_SEARCH_PATHS = "$(inherited) @executable_path/Frameworks";
				PRODUCT_BUNDLE_IDENTIFIER = no.andmore.mySHiT;
				PRODUCT_NAME = "$(TARGET_NAME)";
				PROVISIONING_PROFILE = "";
				PROVISIONING_PROFILE_SPECIFIER = "";
				SWIFT_VERSION = 5.0;
			};
			name = Release;
		};
		85FEFC671BC7FCF900D8E38E /* Debug */ = {
			isa = XCBuildConfiguration;
			baseConfigurationReference = A902404992660897D1CFCCAA /* Pods-mySHiTTests.debug.xcconfig */;
			buildSettings = {
				BUNDLE_LOADER = "$(TEST_HOST)";
				INFOPLIST_FILE = mySHiTTests/Info.plist;
				LD_RUNPATH_SEARCH_PATHS = "$(inherited) @executable_path/Frameworks @loader_path/Frameworks";
				PRODUCT_BUNDLE_IDENTIFIER = no.shitt.mySHiTTests;
				PRODUCT_NAME = "$(TARGET_NAME)";
				SWIFT_VERSION = 5.0;
				TEST_HOST = "$(BUILT_PRODUCTS_DIR)/mySHiT.app/mySHiT";
			};
			name = Debug;
		};
		85FEFC681BC7FCF900D8E38E /* Release */ = {
			isa = XCBuildConfiguration;
			baseConfigurationReference = 8DBE46CB37994FBAC48C72EB /* Pods-mySHiTTests.release.xcconfig */;
			buildSettings = {
				BUNDLE_LOADER = "$(TEST_HOST)";
				INFOPLIST_FILE = mySHiTTests/Info.plist;
				LD_RUNPATH_SEARCH_PATHS = "$(inherited) @executable_path/Frameworks @loader_path/Frameworks";
				PRODUCT_BUNDLE_IDENTIFIER = no.shitt.mySHiTTests;
				PRODUCT_NAME = "$(TARGET_NAME)";
				SWIFT_VERSION = 5.0;
				TEST_HOST = "$(BUILT_PRODUCTS_DIR)/mySHiT.app/mySHiT";
			};
			name = Release;
		};
		85FEFC6A1BC7FCF900D8E38E /* Debug */ = {
			isa = XCBuildConfiguration;
			baseConfigurationReference = 635CB9024F4A69D050CF9411 /* Pods-mySHiTUITests.debug.xcconfig */;
			buildSettings = {
				INFOPLIST_FILE = mySHiTUITests/Info.plist;
				LD_RUNPATH_SEARCH_PATHS = "$(inherited) @executable_path/Frameworks @loader_path/Frameworks";
				PRODUCT_BUNDLE_IDENTIFIER = no.shitt.mySHiTUITests;
				PRODUCT_NAME = "$(TARGET_NAME)";
				SWIFT_VERSION = 5.0;
				TEST_TARGET_NAME = mySHiT;
				USES_XCTRUNNER = YES;
			};
			name = Debug;
		};
		85FEFC6B1BC7FCF900D8E38E /* Release */ = {
			isa = XCBuildConfiguration;
			baseConfigurationReference = 93D147E31DD5C317DDDEE109 /* Pods-mySHiTUITests.release.xcconfig */;
			buildSettings = {
				INFOPLIST_FILE = mySHiTUITests/Info.plist;
				LD_RUNPATH_SEARCH_PATHS = "$(inherited) @executable_path/Frameworks @loader_path/Frameworks";
				PRODUCT_BUNDLE_IDENTIFIER = no.shitt.mySHiTUITests;
				PRODUCT_NAME = "$(TARGET_NAME)";
				SWIFT_VERSION = 5.0;
				TEST_TARGET_NAME = mySHiT;
				USES_XCTRUNNER = YES;
			};
			name = Release;
		};
/* End XCBuildConfiguration section */

/* Begin XCConfigurationList section */
		85FEFC361BC7FCF800D8E38E /* Build configuration list for PBXProject "mySHiT" */ = {
			isa = XCConfigurationList;
			buildConfigurations = (
				85FEFC611BC7FCF900D8E38E /* Debug */,
				85FEFC621BC7FCF900D8E38E /* Release */,
			);
			defaultConfigurationIsVisible = 0;
			defaultConfigurationName = Release;
		};
		85FEFC631BC7FCF900D8E38E /* Build configuration list for PBXNativeTarget "mySHiT" */ = {
			isa = XCConfigurationList;
			buildConfigurations = (
				85FEFC641BC7FCF900D8E38E /* Debug */,
				85FEFC651BC7FCF900D8E38E /* Release */,
			);
			defaultConfigurationIsVisible = 0;
			defaultConfigurationName = Release;
		};
		85FEFC661BC7FCF900D8E38E /* Build configuration list for PBXNativeTarget "mySHiTTests" */ = {
			isa = XCConfigurationList;
			buildConfigurations = (
				85FEFC671BC7FCF900D8E38E /* Debug */,
				85FEFC681BC7FCF900D8E38E /* Release */,
			);
			defaultConfigurationIsVisible = 0;
			defaultConfigurationName = Release;
		};
		85FEFC691BC7FCF900D8E38E /* Build configuration list for PBXNativeTarget "mySHiTUITests" */ = {
			isa = XCConfigurationList;
			buildConfigurations = (
				85FEFC6A1BC7FCF900D8E38E /* Debug */,
				85FEFC6B1BC7FCF900D8E38E /* Release */,
			);
			defaultConfigurationIsVisible = 0;
			defaultConfigurationName = Release;
		};
/* End XCConfigurationList section */
	};
	rootObject = 85FEFC331BC7FCF800D8E38E /* Project object */;
}
